
Microsoft Visual Studio Solution File, Format Version 12.00
# Visual Studio Version 17
VisualStudioVersion = 17.2.32427.441
MinimumVisualStudioVersion = 10.0.40219.1
Project("{9A19103F-16F7-4668-BE54-9A1E7A4F7556}") = "MyWayApp23", "MyWayApp23\MyWayApp23.csproj", "{CCAD8042-27F6-4030-891A-334C6EBD7301}"
EndProject
Global
	GlobalSection(SolutionConfigurationPlatforms) = preSolution
		Debug|Any CPU = Debug|Any CPU
		Release|Any CPU = Release|Any CPU
	EndGlobalSection
	GlobalSection(ProjectConfigurationPlatforms) = postSolution
		{CCAD8042-27F6-4030-891A-334C6EBD7301}.Debug|Any CPU.ActiveCfg = Debug|Any CPU
		{CCAD8042-27F6-4030-891A-334C6EBD7301}.Debug|Any CPU.Build.0 = Debug|Any CPU
		{CCAD8042-27F6-4030-891A-334C6EBD7301}.Release|Any CPU.ActiveCfg = Release|Any CPU
		{CCAD8042-27F6-4030-891A-334C6EBD7301}.Release|Any CPU.Build.0 = Release|Any CPU
	EndGlobalSection
	GlobalSection(SolutionProperties) = preSolution
		HideSolutionNode = FALSE
	EndGlobalSection
	GlobalSection(ExtensibilityGlobals) = postSolution
		SolutionGuid = {F0FCC42B-2C6D-48B2-BC83-9977CC359003}
	EndGlobalSection
EndGlobal
